
Microsoft Visual Studio Solution File, Format Version 12.00
# Visual Studio 15
VisualStudioVersion = 15.0.28010.2048
MinimumVisualStudioVersion = 10.0.40219.1
Project("{FAE04EC0-301F-11D3-BF4B-00C04F79EFBC}") = "MegaDeskWebApp", "MegaDeskWebApp\MegaDeskWebApp.csproj", "{FB8E427C-72D3-4A7B-9A86-CB2AF58ED975}"
EndProject
Global
	GlobalSection(SolutionConfigurationPlatforms) = preSolution
		Debug|Any CPU = Debug|Any CPU
		Release|Any CPU = Release|Any CPU
	EndGlobalSection
	GlobalSection(ProjectConfigurationPlatforms) = postSolution
		{FB8E427C-72D3-4A7B-9A86-CB2AF58ED975}.Debug|Any CPU.ActiveCfg = Debug|Any CPU
		{FB8E427C-72D3-4A7B-9A86-CB2AF58ED975}.Debug|Any CPU.Build.0 = Debug|Any CPU
		{FB8E427C-72D3-4A7B-9A86-CB2AF58ED975}.Release|Any CPU.ActiveCfg = Release|Any CPU
		{FB8E427C-72D3-4A7B-9A86-CB2AF58ED975}.Release|Any CPU.Build.0 = Release|Any CPU
	EndGlobalSection
	GlobalSection(SolutionProperties) = preSolution
		HideSolutionNode = FALSE
	EndGlobalSection
	GlobalSection(ExtensibilityGlobals) = postSolution
		SolutionGuid = {51D76548-EFAE-463C-BF2E-DE6A56A61639}
	EndGlobalSection
EndGlobal
